
Microsoft Visual Studio Solution File, Format Version 12.00
# Visual Studio Version 17
VisualStudioVersion = 17.0.32014.148
MinimumVisualStudioVersion = 10.0.40219.1
Project("{FAE04EC0-301F-11D3-BF4B-00C04F79EFBC}") = "AuthServer.API", "AuthServer.API\AuthServer.API.csproj", "{13D29643-3336-4B61-B6EF-7D3C9249D03A}"
EndProject
Project("{FAE04EC0-301F-11D3-BF4B-00C04F79EFBC}") = "AuthServer.Core", "AuthServer.Core\AuthServer.Core.csproj", "{6A60C1C6-FBBA-4C9A-A72E-9512ABF15989}"
EndProject
Project("{FAE04EC0-301F-11D3-BF4B-00C04F79EFBC}") = "AuthServer.Data", "AuthServer.Data\AuthServer.Data.csproj", "{59018ED6-1F08-46CF-8A53-F703BACA1234}"
EndProject
Project("{FAE04EC0-301F-11D3-BF4B-00C04F79EFBC}") = "AuthServer.Service", "AuthServer.Service\AuthServer.Service.csproj", "{EACA6766-5374-4221-B53F-1FCA5AF93537}"
EndProject
Project("{FAE04EC0-301F-11D3-BF4B-00C04F79EFBC}") = "MiniApp1.API", "MiniApp1.API\MiniApp1.API.csproj", "{866AD66F-7CDF-4D2C-AD51-7BB0BC4618C9}"
EndProject
Project("{FAE04EC0-301F-11D3-BF4B-00C04F79EFBC}") = "MiniApp2.API", "MiniApp2.API\MiniApp2.API.csproj", "{039BC890-815C-4C05-891C-049DBAB624C1}"
EndProject
Project("{FAE04EC0-301F-11D3-BF4B-00C04F79EFBC}") = "SharedLibrary", "SharedLibrary\SharedLibrary.csproj", "{29DD9B30-ED51-4232-AD0C-04321C13DB3B}"
EndProject
Project("{FAE04EC0-301F-11D3-BF4B-00C04F79EFBC}") = "MiniApp3.API", "MiniApp3.API\MiniApp3.API.csproj", "{E5D5E0F5-ADC2-4416-9C71-31B734191203}"
EndProject
Global
	GlobalSection(SolutionConfigurationPlatforms) = preSolution
		Debug|Any CPU = Debug|Any CPU
		Release|Any CPU = Release|Any CPU
	EndGlobalSection
	GlobalSection(ProjectConfigurationPlatforms) = postSolution
		{13D29643-3336-4B61-B6EF-7D3C9249D03A}.Debug|Any CPU.ActiveCfg = Debug|Any CPU
		{13D29643-3336-4B61-B6EF-7D3C9249D03A}.Debug|Any CPU.Build.0 = Debug|Any CPU
		{13D29643-3336-4B61-B6EF-7D3C9249D03A}.Release|Any CPU.ActiveCfg = Release|Any CPU
		{13D29643-3336-4B61-B6EF-7D3C9249D03A}.Release|Any CPU.Build.0 = Release|Any CPU
		{6A60C1C6-FBBA-4C9A-A72E-9512ABF15989}.Debug|Any CPU.ActiveCfg = Debug|Any CPU
		{6A60C1C6-FBBA-4C9A-A72E-9512ABF15989}.Debug|Any CPU.Build.0 = Debug|Any CPU
		{6A60C1C6-FBBA-4C9A-A72E-9512ABF15989}.Release|Any CPU.ActiveCfg = Release|Any CPU
		{6A60C1C6-FBBA-4C9A-A72E-9512ABF15989}.Release|Any CPU.Build.0 = Release|Any CPU
		{59018ED6-1F08-46CF-8A53-F703BACA1234}.Debug|Any CPU.ActiveCfg = Debug|Any CPU
		{59018ED6-1F08-46CF-8A53-F703BACA1234}.Debug|Any CPU.Build.0 = Debug|Any CPU
		{59018ED6-1F08-46CF-8A53-F703BACA1234}.Release|Any CPU.ActiveCfg = Release|Any CPU
		{59018ED6-1F08-46CF-8A53-F703BACA1234}.Release|Any CPU.Build.0 = Release|Any CPU
		{EACA6766-5374-4221-B53F-1FCA5AF93537}.Debug|Any CPU.ActiveCfg = Debug|Any CPU
		{EACA6766-5374-4221-B53F-1FCA5AF93537}.Debug|Any CPU.Build.0 = Debug|Any CPU
		{EACA6766-5374-4221-B53F-1FCA5AF93537}.Release|Any CPU.ActiveCfg = Release|Any CPU
		{EACA6766-5374-4221-B53F-1FCA5AF93537}.Release|Any CPU.Build.0 = Release|Any CPU
		{866AD66F-7CDF-4D2C-AD51-7BB0BC4618C9}.Debug|Any CPU.ActiveCfg = Debug|Any CPU
		{866AD66F-7CDF-4D2C-AD51-7BB0BC4618C9}.Debug|Any CPU.Build.0 = Debug|Any CPU
		{866AD66F-7CDF-4D2C-AD51-7BB0BC4618C9}.Release|Any CPU.ActiveCfg = Release|Any CPU
		{866AD66F-7CDF-4D2C-AD51-7BB0BC4618C9}.Release|Any CPU.Build.0 = Release|Any CPU
		{039BC890-815C-4C05-891C-049DBAB624C1}.Debug|Any CPU.ActiveCfg = Debug|Any CPU
		{039BC890-815C-4C05-891C-049DBAB624C1}.Debug|Any CPU.Build.0 = Debug|Any CPU
		{039BC890-815C-4C05-891C-049DBAB624C1}.Release|Any CPU.ActiveCfg = Release|Any CPU
		{039BC890-815C-4C05-891C-049DBAB624C1}.Release|Any CPU.Build.0 = Release|Any CPU
		{29DD9B30-ED51-4232-AD0C-04321C13DB3B}.Debug|Any CPU.ActiveCfg = Debug|Any CPU
		{29DD9B30-ED51-4232-AD0C-04321C13DB3B}.Debug|Any CPU.Build.0 = Debug|Any CPU
		{29DD9B30-ED51-4232-AD0C-04321C13DB3B}.Release|Any CPU.ActiveCfg = Release|Any CPU
		{29DD9B30-ED51-4232-AD0C-04321C13DB3B}.Release|Any CPU.Build.0 = Release|Any CPU
		{E5D5E0F5-ADC2-4416-9C71-31B734191203}.Debug|Any CPU.ActiveCfg = Debug|Any CPU
		{E5D5E0F5-ADC2-4416-9C71-31B734191203}.Debug|Any CPU.Build.0 = Debug|Any CPU
		{E5D5E0F5-ADC2-4416-9C71-31B734191203}.Release|Any CPU.ActiveCfg = Release|Any CPU
		{E5D5E0F5-ADC2-4416-9C71-31B734191203}.Release|Any CPU.Build.0 = Release|Any CPU
	EndGlobalSection
	GlobalSection(SolutionProperties) = preSolution
		HideSolutionNode = FALSE
	EndGlobalSection
	GlobalSection(ExtensibilityGlobals) = postSolution
		SolutionGuid = {54D4BF8B-B9FF-41D2-91F3-062B2A732A6B}
	EndGlobalSection
EndGlobal
